
Microsoft Visual Studio Solution File, Format Version 12.00
# Visual Studio Version 16
VisualStudioVersion = 16.0.30717.126
MinimumVisualStudioVersion = 10.0.40219.1
Project("{FAE04EC0-301F-11D3-BF4B-00C04F79EFBC}") = "Bulk_Thumbnail_Creator", "Bulk_Thumbnail_Creator\Bulk_Thumbnail_Creator.csproj", "{B3F41896-4162-4E4F-889E-B94632AF1655}"
EndProject
Global
	GlobalSection(SolutionConfigurationPlatforms) = preSolution
		Debug|Any CPU = Debug|Any CPU
		Release|Any CPU = Release|Any CPU
	EndGlobalSection
	GlobalSection(ProjectConfigurationPlatforms) = postSolution
		{B3F41896-4162-4E4F-889E-B94632AF1655}.Debug|Any CPU.ActiveCfg = Debug|Any CPU
		{B3F41896-4162-4E4F-889E-B94632AF1655}.Debug|Any CPU.Build.0 = Debug|Any CPU
		{B3F41896-4162-4E4F-889E-B94632AF1655}.Release|Any CPU.ActiveCfg = Release|Any CPU
		{B3F41896-4162-4E4F-889E-B94632AF1655}.Release|Any CPU.Build.0 = Release|Any CPU
	EndGlobalSection
	GlobalSection(SolutionProperties) = preSolution
		HideSolutionNode = FALSE
	EndGlobalSection
	GlobalSection(ExtensibilityGlobals) = postSolution
		SolutionGuid = {C9C88A17-1690-4EF3-A999-BE321674184A}
	EndGlobalSection
EndGlobal
