
Microsoft Visual Studio Solution File, Format Version 12.00
# Visual Studio Version 16
VisualStudioVersion = 16.0.31005.135
MinimumVisualStudioVersion = 10.0.40219.1
Project("{FAE04EC0-301F-11D3-BF4B-00C04F79EFBC}") = "TM_BulkThumbnailCreator", "TM_BulkThumbnailCreator\TM_BulkThumbnailCreator.csproj", "{3782FBD7-6007-4CDA-9FF2-BCB5CE1F4C49}"
EndProject
Global
	GlobalSection(SolutionConfigurationPlatforms) = preSolution
		Debug|Any CPU = Debug|Any CPU
		Release|Any CPU = Release|Any CPU
	EndGlobalSection
	GlobalSection(ProjectConfigurationPlatforms) = postSolution
		{3782FBD7-6007-4CDA-9FF2-BCB5CE1F4C49}.Debug|Any CPU.ActiveCfg = Debug|Any CPU
		{3782FBD7-6007-4CDA-9FF2-BCB5CE1F4C49}.Debug|Any CPU.Build.0 = Debug|Any CPU
		{3782FBD7-6007-4CDA-9FF2-BCB5CE1F4C49}.Release|Any CPU.ActiveCfg = Release|Any CPU
		{3782FBD7-6007-4CDA-9FF2-BCB5CE1F4C49}.Release|Any CPU.Build.0 = Release|Any CPU
	EndGlobalSection
	GlobalSection(SolutionProperties) = preSolution
		HideSolutionNode = FALSE
	EndGlobalSection
	GlobalSection(ExtensibilityGlobals) = postSolution
		SolutionGuid = {9AF7F517-06E3-4E83-99EB-20EB26D69148}
	EndGlobalSection
EndGlobal
