
Microsoft Visual Studio Solution File, Format Version 12.00
Project("{FAE04EC0-301F-11D3-BF4B-00C04F79EFBC}") = "BulkThumbnailCreator", "BulkThumbnailCreator\BulkThumbnailCreator.csproj", "{D34746CD-940F-4548-8936-31EE3AD04E15}"
EndProject
Global
	GlobalSection(SolutionConfigurationPlatforms) = preSolution
		Debug|Any CPU = Debug|Any CPU
		Release|Any CPU = Release|Any CPU
	EndGlobalSection
	GlobalSection(ProjectConfigurationPlatforms) = postSolution
		{D34746CD-940F-4548-8936-31EE3AD04E15}.Debug|Any CPU.ActiveCfg = Debug|Any CPU
		{D34746CD-940F-4548-8936-31EE3AD04E15}.Debug|Any CPU.Build.0 = Debug|Any CPU
		{D34746CD-940F-4548-8936-31EE3AD04E15}.Release|Any CPU.ActiveCfg = Release|Any CPU
		{D34746CD-940F-4548-8936-31EE3AD04E15}.Release|Any CPU.Build.0 = Release|Any CPU
	EndGlobalSection
EndGlobal
